
Microsoft Visual Studio Solution File, Format Version 12.00
# Visual Studio Version 17
VisualStudioVersion = 17.5.002.0
MinimumVisualStudioVersion = 10.0.40219.1
Project("{9A19103F-16F7-4668-BE54-9A1E7A4F7556}") = "DesafioFundamentos", "DesafioFundamentos.csproj", "{72B2915C-60FD-4281-9A23-9B0472848FCC}"
EndProject
Global
	GlobalSection(SolutionConfigurationPlatforms) = preSolution
		Debug|Any CPU = Debug|Any CPU
		Release|Any CPU = Release|Any CPU
	EndGlobalSection
	GlobalSection(ProjectConfigurationPlatforms) = postSolution
		{72B2915C-60FD-4281-9A23-9B0472848FCC}.Debug|Any CPU.ActiveCfg = Debug|Any CPU
		{72B2915C-60FD-4281-9A23-9B0472848FCC}.Debug|Any CPU.Build.0 = Debug|Any CPU
		{72B2915C-60FD-4281-9A23-9B0472848FCC}.Release|Any CPU.ActiveCfg = Release|Any CPU
		{72B2915C-60FD-4281-9A23-9B0472848FCC}.Release|Any CPU.Build.0 = Release|Any CPU
	EndGlobalSection
	GlobalSection(SolutionProperties) = preSolution
		HideSolutionNode = FALSE
	EndGlobalSection
	GlobalSection(ExtensibilityGlobals) = postSolution
		SolutionGuid = {9916A531-5CE5-4CAE-94B9-992357A9667E}
	EndGlobalSection
EndGlobal
